
Microsoft Visual Studio Solution File, Format Version 12.00
# Visual Studio Version 17
VisualStudioVersion = 17.5.002.0
MinimumVisualStudioVersion = 10.0.40219.1
Project("{9A19103F-16F7-4668-BE54-9A1E7A4F7556}") = "NetDaemonApps", "NetDaemonApps\NetDaemonApps.csproj", "{A2FA882B-0E71-496E-BD2E-AE508AFCC94E}"
EndProject
Global
	GlobalSection(SolutionConfigurationPlatforms) = preSolution
		Debug|Any CPU = Debug|Any CPU
		Release|Any CPU = Release|Any CPU
	EndGlobalSection
	GlobalSection(ProjectConfigurationPlatforms) = postSolution
		{A2FA882B-0E71-496E-BD2E-AE508AFCC94E}.Debug|Any CPU.ActiveCfg = Debug|Any CPU
		{A2FA882B-0E71-496E-BD2E-AE508AFCC94E}.Debug|Any CPU.Build.0 = Debug|Any CPU
		{A2FA882B-0E71-496E-BD2E-AE508AFCC94E}.Release|Any CPU.ActiveCfg = Release|Any CPU
		{A2FA882B-0E71-496E-BD2E-AE508AFCC94E}.Release|Any CPU.Build.0 = Release|Any CPU
	EndGlobalSection
	GlobalSection(SolutionProperties) = preSolution
		HideSolutionNode = FALSE
	EndGlobalSection
	GlobalSection(ExtensibilityGlobals) = postSolution
		SolutionGuid = {8FC5A6AF-B603-4B45-8100-55074F684624}
	EndGlobalSection
EndGlobal
